
Microsoft Visual Studio Solution File, Format Version 12.00
# Visual Studio 15
VisualStudioVersion = 15.0.28307.852
MinimumVisualStudioVersion = 10.0.40219.1
Project("{FAE04EC0-301F-11D3-BF4B-00C04F79EFBC}") = "POSINV", "POSINV\POSINV.csproj", "{3074B77B-3D78-489F-9D25-E04C16E2EC28}"
EndProject
Global
	GlobalSection(SolutionConfigurationPlatforms) = preSolution
		Debug|Any CPU = Debug|Any CPU
		Release|Any CPU = Release|Any CPU
	EndGlobalSection
	GlobalSection(ProjectConfigurationPlatforms) = postSolution
		{3074B77B-3D78-489F-9D25-E04C16E2EC28}.Debug|Any CPU.ActiveCfg = Debug|Any CPU
		{3074B77B-3D78-489F-9D25-E04C16E2EC28}.Debug|Any CPU.Build.0 = Debug|Any CPU
		{3074B77B-3D78-489F-9D25-E04C16E2EC28}.Release|Any CPU.ActiveCfg = Release|Any CPU
		{3074B77B-3D78-489F-9D25-E04C16E2EC28}.Release|Any CPU.Build.0 = Release|Any CPU
	EndGlobalSection
	GlobalSection(SolutionProperties) = preSolution
		HideSolutionNode = FALSE
	EndGlobalSection
	GlobalSection(ExtensibilityGlobals) = postSolution
		SolutionGuid = {4B8622DF-C7D6-47A0-9C6D-B26C780BCA37}
	EndGlobalSection
EndGlobal
